{
  "name": "npm-lock-merge-conflict-overrides",
  "version": "0.0.0",
  "lockfileVersion": 3,
  "requires": true,
  "packages": {
    "": {
      "name": "npm-lock-merge-conflict-overrides",
      "version": "0.0.0",
      "dependencies": {
        "express": "^4.21.2"
      }
    },
    "node_modules/express": {
      "version": "4.21.2",
      "dependencies": {
        "path-to-regexp": "0.1.12"
      }
    },
    "node_modules/path-to-regexp": {
      "version": "0.1.12"
    }
  }
}
